#============================================================
# Build by Terasic System Builder
#============================================================

set_global_assignment -name FAMILY "Cyclone V"
set_global_assignment -name DEVICE 5CSEMA5F31C6
set_global_assignment -name TOP_LEVEL_ENTITY "vga_ram_reader_test"
set_global_assignment -name ORIGINAL_QUARTUS_VERSION 15.1.0
set_global_assignment -name LAST_QUARTUS_VERSION 16.0.0
set_global_assignment -name PROJECT_CREATION_TIME_DATE "18:48:54 APRIL 07,2017"
set_global_assignment -name DEVICE_FILTER_PACKAGE FBGA
set_global_assignment -name DEVICE_FILTER_PIN_COUNT 896
set_global_assignment -name DEVICE_FILTER_SPEED_GRADE 6

#============================================================
# CLOCK
#============================================================
set_instance_assignment -name IO_STANDARD "3.3-V LVTTL" -to CLOCK2_50
set_instance_assignment -name IO_STANDARD "3.3-V LVTTL" -to CLOCK3_50
set_instance_assignment -name IO_STANDARD "3.3-V LVTTL" -to CLOCK4_50
set_instance_assignment -name IO_STANDARD "3.3-V LVTTL" -to CLOCK_50
set_location_assignment PIN_AA16 -to CLOCK2_50
set_location_assignment PIN_Y26 -to CLOCK3_50
set_location_assignment PIN_K14 -to CLOCK4_50
set_location_assignment PIN_AF14 -to CLOCK_50

#============================================================
# SEG7
#============================================================
set_instance_assignment -name IO_STANDARD "3.3-V LVTTL" -to HEX0[0]
set_instance_assignment -name IO_STANDARD "3.3-V LVTTL" -to HEX0[1]
set_instance_assignment -name IO_STANDARD "3.3-V LVTTL" -to HEX0[2]
set_instance_assignment -name IO_STANDARD "3.3-V LVTTL" -to HEX0[3]
set_instance_assignment -name IO_STANDARD "3.3-V LVTTL" -to HEX0[4]
set_instance_assignment -name IO_STANDARD "3.3-V LVTTL" -to HEX0[5]
set_instance_assignment -name IO_STANDARD "3.3-V LVTTL" -to HEX0[6]
set_instance_assignment -name IO_STANDARD "3.3-V LVTTL" -to HEX1[0]
set_instance_assignment -name IO_STANDARD "3.3-V LVTTL" -to HEX1[1]
set_instance_assignment -name IO_STANDARD "3.3-V LVTTL" -to HEX1[2]
set_instance_assignment -name IO_STANDARD "3.3-V LVTTL" -to HEX1[3]
set_instance_assignment -name IO_STANDARD "3.3-V LVTTL" -to HEX1[4]
set_instance_assignment -name IO_STANDARD "3.3-V LVTTL" -to HEX1[5]
set_instance_assignment -name IO_STANDARD "3.3-V LVTTL" -to HEX1[6]
set_instance_assignment -name IO_STANDARD "3.3-V LVTTL" -to HEX2[0]
set_instance_assignment -name IO_STANDARD "3.3-V LVTTL" -to HEX2[1]
set_instance_assignment -name IO_STANDARD "3.3-V LVTTL" -to HEX2[2]
set_instance_assignment -name IO_STANDARD "3.3-V LVTTL" -to HEX2[3]
set_instance_assignment -name IO_STANDARD "3.3-V LVTTL" -to HEX2[4]
set_instance_assignment -name IO_STANDARD "3.3-V LVTTL" -to HEX2[5]
set_instance_assignment -name IO_STANDARD "3.3-V LVTTL" -to HEX2[6]
set_instance_assignment -name IO_STANDARD "3.3-V LVTTL" -to HEX3[0]
set_instance_assignment -name IO_STANDARD "3.3-V LVTTL" -to HEX3[1]
set_instance_assignment -name IO_STANDARD "3.3-V LVTTL" -to HEX3[2]
set_instance_assignment -name IO_STANDARD "3.3-V LVTTL" -to HEX3[3]
set_instance_assignment -name IO_STANDARD "3.3-V LVTTL" -to HEX3[4]
set_instance_assignment -name IO_STANDARD "3.3-V LVTTL" -to HEX3[5]
set_instance_assignment -name IO_STANDARD "3.3-V LVTTL" -to HEX3[6]
set_instance_assignment -name IO_STANDARD "3.3-V LVTTL" -to HEX4[0]
set_instance_assignment -name IO_STANDARD "3.3-V LVTTL" -to HEX4[1]
set_instance_assignment -name IO_STANDARD "3.3-V LVTTL" -to HEX4[2]
set_instance_assignment -name IO_STANDARD "3.3-V LVTTL" -to HEX4[3]
set_instance_assignment -name IO_STANDARD "3.3-V LVTTL" -to HEX4[4]
set_instance_assignment -name IO_STANDARD "3.3-V LVTTL" -to HEX4[5]
set_instance_assignment -name IO_STANDARD "3.3-V LVTTL" -to HEX4[6]
set_instance_assignment -name IO_STANDARD "3.3-V LVTTL" -to HEX5[0]
set_instance_assignment -name IO_STANDARD "3.3-V LVTTL" -to HEX5[1]
set_instance_assignment -name IO_STANDARD "3.3-V LVTTL" -to HEX5[2]
set_instance_assignment -name IO_STANDARD "3.3-V LVTTL" -to HEX5[3]
set_instance_assignment -name IO_STANDARD "3.3-V LVTTL" -to HEX5[4]
set_instance_assignment -name IO_STANDARD "3.3-V LVTTL" -to HEX5[5]
set_instance_assignment -name IO_STANDARD "3.3-V LVTTL" -to HEX5[6]
set_location_assignment PIN_AE26 -to HEX0[0]
set_location_assignment PIN_AE27 -to HEX0[1]
set_location_assignment PIN_AE28 -to HEX0[2]
set_location_assignment PIN_AG27 -to HEX0[3]
set_location_assignment PIN_AF28 -to HEX0[4]
set_location_assignment PIN_AG28 -to HEX0[5]
set_location_assignment PIN_AH28 -to HEX0[6]
set_location_assignment PIN_AJ29 -to HEX1[0]
set_location_assignment PIN_AH29 -to HEX1[1]
set_location_assignment PIN_AH30 -to HEX1[2]
set_location_assignment PIN_AG30 -to HEX1[3]
set_location_assignment PIN_AF29 -to HEX1[4]
set_location_assignment PIN_AF30 -to HEX1[5]
set_location_assignment PIN_AD27 -to HEX1[6]
set_location_assignment PIN_AB23 -to HEX2[0]
set_location_assignment PIN_AE29 -to HEX2[1]
set_location_assignment PIN_AD29 -to HEX2[2]
set_location_assignment PIN_AC28 -to HEX2[3]
set_location_assignment PIN_AD30 -to HEX2[4]
set_location_assignment PIN_AC29 -to HEX2[5]
set_location_assignment PIN_AC30 -to HEX2[6]
set_location_assignment PIN_AD26 -to HEX3[0]
set_location_assignment PIN_AC27 -to HEX3[1]
set_location_assignment PIN_AD25 -to HEX3[2]
set_location_assignment PIN_AC25 -to HEX3[3]
set_location_assignment PIN_AB28 -to HEX3[4]
set_location_assignment PIN_AB25 -to HEX3[5]
set_location_assignment PIN_AB22 -to HEX3[6]
set_location_assignment PIN_AA24 -to HEX4[0]
set_location_assignment PIN_Y23 -to HEX4[1]
set_location_assignment PIN_Y24 -to HEX4[2]
set_location_assignment PIN_W22 -to HEX4[3]
set_location_assignment PIN_W24 -to HEX4[4]
set_location_assignment PIN_V23 -to HEX4[5]
set_location_assignment PIN_W25 -to HEX4[6]
set_location_assignment PIN_V25 -to HEX5[0]
set_location_assignment PIN_AA28 -to HEX5[1]
set_location_assignment PIN_Y27 -to HEX5[2]
set_location_assignment PIN_AB27 -to HEX5[3]
set_location_assignment PIN_AB26 -to HEX5[4]
set_location_assignment PIN_AA26 -to HEX5[5]
set_location_assignment PIN_AA25 -to HEX5[6]

#============================================================
# KEY
#============================================================
set_instance_assignment -name IO_STANDARD "3.3-V LVTTL" -to KEY[0]
set_instance_assignment -name IO_STANDARD "3.3-V LVTTL" -to KEY[1]
set_instance_assignment -name IO_STANDARD "3.3-V LVTTL" -to KEY[2]
set_instance_assignment -name IO_STANDARD "3.3-V LVTTL" -to KEY[3]
set_location_assignment PIN_AA14 -to KEY[0]
set_location_assignment PIN_AA15 -to KEY[1]
set_location_assignment PIN_W15 -to KEY[2]
set_location_assignment PIN_Y16 -to KEY[3]

#============================================================
# VGA
#============================================================
set_instance_assignment -name IO_STANDARD "3.3-V LVTTL" -to VGA_BLANK_N
set_instance_assignment -name IO_STANDARD "3.3-V LVTTL" -to VGA_B[0]
set_instance_assignment -name IO_STANDARD "3.3-V LVTTL" -to VGA_B[1]
set_instance_assignment -name IO_STANDARD "3.3-V LVTTL" -to VGA_B[2]
set_instance_assignment -name IO_STANDARD "3.3-V LVTTL" -to VGA_B[3]
set_instance_assignment -name IO_STANDARD "3.3-V LVTTL" -to VGA_B[4]
set_instance_assignment -name IO_STANDARD "3.3-V LVTTL" -to VGA_B[5]
set_instance_assignment -name IO_STANDARD "3.3-V LVTTL" -to VGA_B[6]
set_instance_assignment -name IO_STANDARD "3.3-V LVTTL" -to VGA_B[7]
set_instance_assignment -name IO_STANDARD "3.3-V LVTTL" -to VGA_CLK
set_instance_assignment -name IO_STANDARD "3.3-V LVTTL" -to VGA_G[0]
set_instance_assignment -name IO_STANDARD "3.3-V LVTTL" -to VGA_G[1]
set_instance_assignment -name IO_STANDARD "3.3-V LVTTL" -to VGA_G[2]
set_instance_assignment -name IO_STANDARD "3.3-V LVTTL" -to VGA_G[3]
set_instance_assignment -name IO_STANDARD "3.3-V LVTTL" -to VGA_G[4]
set_instance_assignment -name IO_STANDARD "3.3-V LVTTL" -to VGA_G[5]
set_instance_assignment -name IO_STANDARD "3.3-V LVTTL" -to VGA_G[6]
set_instance_assignment -name IO_STANDARD "3.3-V LVTTL" -to VGA_G[7]
set_instance_assignment -name IO_STANDARD "3.3-V LVTTL" -to VGA_HS
set_instance_assignment -name IO_STANDARD "3.3-V LVTTL" -to VGA_R[0]
set_instance_assignment -name IO_STANDARD "3.3-V LVTTL" -to VGA_R[1]
set_instance_assignment -name IO_STANDARD "3.3-V LVTTL" -to VGA_R[2]
set_instance_assignment -name IO_STANDARD "3.3-V LVTTL" -to VGA_R[3]
set_instance_assignment -name IO_STANDARD "3.3-V LVTTL" -to VGA_R[4]
set_instance_assignment -name IO_STANDARD "3.3-V LVTTL" -to VGA_R[5]
set_instance_assignment -name IO_STANDARD "3.3-V LVTTL" -to VGA_R[6]
set_instance_assignment -name IO_STANDARD "3.3-V LVTTL" -to VGA_R[7]
set_instance_assignment -name IO_STANDARD "3.3-V LVTTL" -to VGA_SYNC_N
set_instance_assignment -name IO_STANDARD "3.3-V LVTTL" -to VGA_VS
set_location_assignment PIN_F10 -to VGA_BLANK_N
set_location_assignment PIN_B13 -to VGA_B[0]
set_location_assignment PIN_G13 -to VGA_B[1]
set_location_assignment PIN_H13 -to VGA_B[2]
set_location_assignment PIN_F14 -to VGA_B[3]
set_location_assignment PIN_H14 -to VGA_B[4]
set_location_assignment PIN_F15 -to VGA_B[5]
set_location_assignment PIN_G15 -to VGA_B[6]
set_location_assignment PIN_J14 -to VGA_B[7]
set_location_assignment PIN_A11 -to VGA_CLK
set_location_assignment PIN_J9 -to VGA_G[0]
set_location_assignment PIN_J10 -to VGA_G[1]
set_location_assignment PIN_H12 -to VGA_G[2]
set_location_assignment PIN_G10 -to VGA_G[3]
set_location_assignment PIN_G11 -to VGA_G[4]
set_location_assignment PIN_G12 -to VGA_G[5]
set_location_assignment PIN_F11 -to VGA_G[6]
set_location_assignment PIN_E11 -to VGA_G[7]
set_location_assignment PIN_B11 -to VGA_HS
set_location_assignment PIN_A13 -to VGA_R[0]
set_location_assignment PIN_C13 -to VGA_R[1]
set_location_assignment PIN_E13 -to VGA_R[2]
set_location_assignment PIN_B12 -to VGA_R[3]
set_location_assignment PIN_C12 -to VGA_R[4]
set_location_assignment PIN_D12 -to VGA_R[5]
set_location_assignment PIN_E12 -to VGA_R[6]
set_location_assignment PIN_F13 -to VGA_R[7]
set_location_assignment PIN_C10 -to VGA_SYNC_N
set_location_assignment PIN_D11 -to VGA_VS

#============================================================
# End of pin assignments by Terasic System Builder
#============================================================


set_global_assignment -name MIN_CORE_JUNCTION_TEMP 0
set_global_assignment -name MAX_CORE_JUNCTION_TEMP 85
set_global_assignment -name POWER_PRESET_COOLING_SOLUTION "23 MM HEAT SINK WITH 200 LFPM AIRFLOW"
set_global_assignment -name POWER_BOARD_THERMAL_MODEL "NONE (CONSERVATIVE)"
set_global_assignment -name PARTITION_NETLIST_TYPE SOURCE -section_id Top
set_global_assignment -name PARTITION_FITTER_PRESERVATION_LEVEL PLACEMENT_AND_ROUTING -section_id Top
set_global_assignment -name PARTITION_COLOR 16764057 -section_id Top
set_global_assignment -name SYSTEMVERILOG_FILE VGA.sv
set_global_assignment -name SYSTEMVERILOG_FILE DisplayPlane.sv
set_global_assignment -name VERILOG_FILE vga_ram_reader_test.v
set_global_assignment -name SYSTEMVERILOG_FILE TimeGen.sv
set_global_assignment -name SYSTEMVERILOG_FILE RamReader.sv
set_global_assignment -name SDC_FILE vga_ram_reader_test.SDC
set_global_assignment -name QIP_FILE VGARAM_test.qip
set_global_assignment -name QIP_FILE VGA_CLOCK_TEST.qip
set_global_assignment -name SIP_FILE VGA_CLOCK_TEST.sip
set_instance_assignment -name PARTITION_HIERARCHY root_partition -to | -section_id Top